// !$*UTF8*$!
{
	archiveVersion = 1;
	classes = {
	};
	objectVersion = 50;
	objects = {

/* Begin PBXBuildFile section */
		635BECB7222E91DF005D3AA9 /* main.cpp in Sources */ = {isa = PBXBuildFile; fileRef = 635BECB6222E91DF005D3AA9 /* main.cpp */; };
		635BECC4222E9DB8005D3AA9 /* main.c in Sources */ = {isa = PBXBuildFile; fileRef = 635BECC3222E9DB8005D3AA9 /* main.c */; };
		635BECCF222EA51A005D3AA9 /* main.c in Sources */ = {isa = PBXBuildFile; fileRef = 635BECCE222EA51A005D3AA9 /* main.c */; };
/* End PBXBuildFile section */

/* Begin PBXCopyFilesBuildPhase section */
		635BECB1222E91DF005D3AA9 /* CopyFiles */ = {
			isa = PBXCopyFilesBuildPhase;
			buildActionMask = 2147483647;
			dstPath = /usr/share/man/man1/;
			dstSubfolderSpec = 0;
			files = (
			);
			runOnlyForDeploymentPostprocessing = 1;
		};
		635BECBF222E9DB8005D3AA9 /* CopyFiles */ = {
			isa = PBXCopyFilesBuildPhase;
			buildActionMask = 2147483647;
			dstPath = /usr/share/man/man1/;
			dstSubfolderSpec = 0;
			files = (
			);
			runOnlyForDeploymentPostprocessing = 1;
		};
		635BECCA222EA51A005D3AA9 /* CopyFiles */ = {
			isa = PBXCopyFilesBuildPhase;
			buildActionMask = 2147483647;
			dstPath = /usr/share/man/man1/;
			dstSubfolderSpec = 0;
			files = (
			);
			runOnlyForDeploymentPostprocessing = 1;
		};
/* End PBXCopyFilesBuildPhase section */

/* Begin PBXFileReference section */
		635BECB3222E91DF005D3AA9 /* Runtime 结构体知识c++ */ = {isa = PBXFileReference; explicitFileType = "compiled.mach-o.executable"; includeInIndex = 0; path = "Runtime 结构体知识c++"; sourceTree = BUILT_PRODUCTS_DIR; };
		635BECB6222E91DF005D3AA9 /* main.cpp */ = {isa = PBXFileReference; lastKnownFileType = sourcecode.cpp.cpp; path = main.cpp; sourceTree = "<group>"; };
		635BECC1222E9DB8005D3AA9 /* 位运算 */ = {isa = PBXFileReference; explicitFileType = "compiled.mach-o.executable"; includeInIndex = 0; path = "位运算"; sourceTree = BUILT_PRODUCTS_DIR; };
		635BECC3222E9DB8005D3AA9 /* main.c */ = {isa = PBXFileReference; lastKnownFileType = sourcecode.c.c; path = main.c; sourceTree = "<group>"; };
		635BECCC222EA51A005D3AA9 /* 宏定义 */ = {isa = PBXFileReference; explicitFileType = "compiled.mach-o.executable"; includeInIndex = 0; path = "宏定义"; sourceTree = BUILT_PRODUCTS_DIR; };
		635BECCE222EA51A005D3AA9 /* main.c */ = {isa = PBXFileReference; lastKnownFileType = sourcecode.c.c; path = main.c; sourceTree = "<group>"; };
/* End PBXFileReference section */

/* Begin PBXFrameworksBuildPhase section */
		635BECB0222E91DF005D3AA9 /* Frameworks */ = {
			isa = PBXFrameworksBuildPhase;
			buildActionMask = 2147483647;
			files = (
			);
			runOnlyForDeploymentPostprocessing = 0;
		};
		635BECBE222E9DB8005D3AA9 /* Frameworks */ = {
			isa = PBXFrameworksBuildPhase;
			buildActionMask = 2147483647;
			files = (
			);
			runOnlyForDeploymentPostprocessing = 0;
		};
		635BECC9222EA51A005D3AA9 /* Frameworks */ = {
			isa = PBXFrameworksBuildPhase;
			buildActionMask = 2147483647;
			files = (
			);
			runOnlyForDeploymentPostprocessing = 0;
		};
/* End PBXFrameworksBuildPhase section */

/* Begin PBXGroup section */
		635BECAA222E91DF005D3AA9 = {
			isa = PBXGroup;
			children = (
				635BECB5222E91DF005D3AA9 /* Runtime 结构体知识c++ */,
				635BECC2222E9DB8005D3AA9 /* 位运算 */,
				635BECCD222EA51A005D3AA9 /* 宏定义 */,
				635BECB4222E91DF005D3AA9 /* Products */,
			);
			sourceTree = "<group>";
		};
		635BECB4222E91DF005D3AA9 /* Products */ = {
			isa = PBXGroup;
			children = (
				635BECB3222E91DF005D3AA9 /* Runtime 结构体知识c++ */,
				635BECC1222E9DB8005D3AA9 /* 位运算 */,
				635BECCC222EA51A005D3AA9 /* 宏定义 */,
			);
			name = Products;
			sourceTree = "<group>";
		};
		635BECB5222E91DF005D3AA9 /* Runtime 结构体知识c++ */ = {
			isa = PBXGroup;
			children = (
				635BECB6222E91DF005D3AA9 /* main.cpp */,
			);
			path = "Runtime 结构体知识c++";
			sourceTree = "<group>";
		};
		635BECC2222E9DB8005D3AA9 /* 位运算 */ = {
			isa = PBXGroup;
			children = (
				635BECC3222E9DB8005D3AA9 /* main.c */,
			);
			path = "位运算";
			sourceTree = "<group>";
		};
		635BECCD222EA51A005D3AA9 /* 宏定义 */ = {
			isa = PBXGroup;
			children = (
				635BECCE222EA51A005D3AA9 /* main.c */,
			);
			path = "宏定义";
			sourceTree = "<group>";
		};
/* End PBXGroup section */

/* Begin PBXNativeTarget section */
		635BECB2222E91DF005D3AA9 /* Runtime 结构体知识c++ */ = {
			isa = PBXNativeTarget;
			buildConfigurationList = 635BECBA222E91DF005D3AA9 /* Build configuration list for PBXNativeTarget "Runtime 结构体知识c++" */;
			buildPhases = (
				635BECAF222E91DF005D3AA9 /* Sources */,
				635BECB0222E91DF005D3AA9 /* Frameworks */,
				635BECB1222E91DF005D3AA9 /* CopyFiles */,
			);
			buildRules = (
			);
			dependencies = (
			);
			name = "Runtime 结构体知识c++";
			productName = "Runtime 结构体知识c++";
			productReference = 635BECB3222E91DF005D3AA9 /* Runtime 结构体知识c++ */;
			productType = "com.apple.product-type.tool";
		};
		635BECC0222E9DB8005D3AA9 /* 位运算 */ = {
			isa = PBXNativeTarget;
			buildConfigurationList = 635BECC5222E9DB8005D3AA9 /* Build configuration list for PBXNativeTarget "位运算" */;
			buildPhases = (
				635BECBD222E9DB8005D3AA9 /* Sources */,
				635BECBE222E9DB8005D3AA9 /* Frameworks */,
				635BECBF222E9DB8005D3AA9 /* CopyFiles */,
			);
			buildRules = (
			);
			dependencies = (
			);
			name = "位运算";
			productName = "位运算";
			productReference = 635BECC1222E9DB8005D3AA9 /* 位运算 */;
			productType = "com.apple.product-type.tool";
		};
		635BECCB222EA51A005D3AA9 /* 宏定义 */ = {
			isa = PBXNativeTarget;
			buildConfigurationList = 635BECD0222EA51A005D3AA9 /* Build configuration list for PBXNativeTarget "宏定义" */;
			buildPhases = (
				635BECC8222EA51A005D3AA9 /* Sources */,
				635BECC9222EA51A005D3AA9 /* Frameworks */,
				635BECCA222EA51A005D3AA9 /* CopyFiles */,
			);
			buildRules = (
			);
			dependencies = (
			);
			name = "宏定义";
			productName = "宏定义";
			productReference = 635BECCC222EA51A005D3AA9 /* 宏定义 */;
			productType = "com.apple.product-type.tool";
		};
/* End PBXNativeTarget section */

/* Begin PBXProject section */
		635BECAB222E91DF005D3AA9 /* Project object */ = {
			isa = PBXProject;
			attributes = {
				LastUpgradeCheck = 1010;
				ORGANIZATIONNAME = "伟大的大伟😘";
				TargetAttributes = {
					635BECB2222E91DF005D3AA9 = {
						CreatedOnToolsVersion = 10.1;
					};
					635BECC0222E9DB8005D3AA9 = {
						CreatedOnToolsVersion = 10.1;
					};
					635BECCB222EA51A005D3AA9 = {
						CreatedOnToolsVersion = 10.1;
					};
				};
			};
			buildConfigurationList = 635BECAE222E91DF005D3AA9 /* Build configuration list for PBXProject "Runtime 结构体知识c++" */;
			compatibilityVersion = "Xcode 9.3";
			developmentRegion = en;
			hasScannedForEncodings = 0;
			knownRegions = (
				en,
			);
			mainGroup = 635BECAA222E91DF005D3AA9;
			productRefGroup = 635BECB4222E91DF005D3AA9 /* Products */;
			projectDirPath = "";
			projectRoot = "";
			targets = (
				635BECB2222E91DF005D3AA9 /* Runtime 结构体知识c++ */,
				635BECC0222E9DB8005D3AA9 /* 位运算 */,
				635BECCB222EA51A005D3AA9 /* 宏定义 */,
			);
		};
/* End PBXProject section */

/* Begin PBXSourcesBuildPhase section */
		635BECAF222E91DF005D3AA9 /* Sources */ = {
			isa = PBXSourcesBuildPhase;
			buildActionMask = 2147483647;
			files = (
				635BECB7222E91DF005D3AA9 /* main.cpp in Sources */,
			);
			runOnlyForDeploymentPostprocessing = 0;
		};
		635BECBD222E9DB8005D3AA9 /* Sources */ = {
			isa = PBXSourcesBuildPhase;
			buildActionMask = 2147483647;
			files = (
				635BECC4222E9DB8005D3AA9 /* main.c in Sources */,
			);
			runOnlyForDeploymentPostprocessing = 0;
		};
		635BECC8222EA51A005D3AA9 /* Sources */ = {
			isa = PBXSourcesBuildPhase;
			buildActionMask = 2147483647;
			files = (
				635BECCF222EA51A005D3AA9 /* main.c in Sources */,
			);
			runOnlyForDeploymentPostprocessing = 0;
		};
/* End PBXSourcesBuildPhase section */

/* Begin XCBuildConfiguration section */
		635BECB8222E91DF005D3AA9 /* Debug */ = {
			isa = XCBuildConfiguration;
			buildSettings = {
				ALWAYS_SEARCH_USER_PATHS = NO;
				CLANG_ANALYZER_NONNULL = YES;
				CLANG_ANALYZER_NUMBER_OBJECT_CONVERSION = YES_AGGRESSIVE;
				CLANG_CXX_LANGUAGE_STANDARD = "gnu++14";
				CLANG_CXX_LIBRARY = "libc++";
				CLANG_ENABLE_MODULES = YES;
				CLANG_ENABLE_OBJC_ARC = YES;
				CLANG_ENABLE_OBJC_WEAK = YES;
				CLANG_WARN_BLOCK_CAPTURE_AUTORELEASING = YES;
				CLANG_WARN_BOOL_CONVERSION = YES;
				CLANG_WARN_COMMA = YES;
				CLANG_WARN_CONSTANT_CONVERSION = YES;
				CLANG_WARN_DEPRECATED_OBJC_IMPLEMENTATIONS = YES;
				CLANG_WARN_DIRECT_OBJC_ISA_USAGE = YES_ERROR;
				CLANG_WARN_DOCUMENTATION_COMMENTS = YES;
				CLANG_WARN_EMPTY_BODY = YES;
				CLANG_WARN_ENUM_CONVERSION = YES;
				CLANG_WARN_INFINITE_RECURSION = YES;
				CLANG_WARN_INT_CONVERSION = YES;
				CLANG_WARN_NON_LITERAL_NULL_CONVERSION = YES;
				CLANG_WARN_OBJC_IMPLICIT_RETAIN_SELF = YES;
				CLANG_WARN_OBJC_LITERAL_CONVERSION = YES;
				CLANG_WARN_OBJC_ROOT_CLASS = YES_ERROR;
				CLANG_WARN_RANGE_LOOP_ANALYSIS = YES;
				CLANG_WARN_STRICT_PROTOTYPES = YES;
				CLANG_WARN_SUSPICIOUS_MOVE = YES;
				CLANG_WARN_UNGUARDED_AVAILABILITY = YES_AGGRESSIVE;
				CLANG_WARN_UNREACHABLE_CODE = YES;
				CLANG_WARN__DUPLICATE_METHOD_MATCH = YES;
				CODE_SIGN_IDENTITY = "-";
				COPY_PHASE_STRIP = NO;
				DEBUG_INFORMATION_FORMAT = dwarf;
				ENABLE_STRICT_OBJC_MSGSEND = YES;
				ENABLE_TESTABILITY = YES;
				GCC_C_LANGUAGE_STANDARD = gnu11;
				GCC_DYNAMIC_NO_PIC = NO;
				GCC_NO_COMMON_BLOCKS = YES;
				GCC_OPTIMIZATION_LEVEL = 0;
				GCC_PREPROCESSOR_DEFINITIONS = (
					"DEBUG=1",
					"$(inherited)",
				);
				GCC_WARN_64_TO_32_BIT_CONVERSION = YES;
				GCC_WARN_ABOUT_RETURN_TYPE = YES_ERROR;
				GCC_WARN_UNDECLARED_SELECTOR = YES;
				GCC_WARN_UNINITIALIZED_AUTOS = YES_AGGRESSIVE;
				GCC_WARN_UNUSED_FUNCTION = YES;
				GCC_WARN_UNUSED_VARIABLE = YES;
				MACOSX_DEPLOYMENT_TARGET = 10.14;
				MTL_ENABLE_DEBUG_INFO = INCLUDE_SOURCE;
				MTL_FAST_MATH = YES;
				ONLY_ACTIVE_ARCH = YES;
				SDKROOT = macosx;
			};
			name = Debug;
		};
		635BECB9222E91DF005D3AA9 /* Release */ = {
			isa = XCBuildConfiguration;
			buildSettings = {
				ALWAYS_SEARCH_USER_PATHS = NO;
				CLANG_ANALYZER_NONNULL = YES;
				CLANG_ANALYZER_NUMBER_OBJECT_CONVERSION = YES_AGGRESSIVE;
				CLANG_CXX_LANGUAGE_STANDARD = "gnu++14";
				CLANG_CXX_LIBRARY = "libc++";
				CLANG_ENABLE_MODULES = YES;
				CLANG_ENABLE_OBJC_ARC = YES;
				CLANG_ENABLE_OBJC_WEAK = YES;
				CLANG_WARN_BLOCK_CAPTURE_AUTORELEASING = YES;
				CLANG_WARN_BOOL_CONVERSION = YES;
				CLANG_WARN_COMMA = YES;
				CLANG_WARN_CONSTANT_CONVERSION = YES;
				CLANG_WARN_DEPRECATED_OBJC_IMPLEMENTATIONS = YES;
				CLANG_WARN_DIRECT_OBJC_ISA_USAGE = YES_ERROR;
				CLANG_WARN_DOCUMENTATION_COMMENTS = YES;
				CLANG_WARN_EMPTY_BODY = YES;
				CLANG_WARN_ENUM_CONVERSION = YES;
				CLANG_WARN_INFINITE_RECURSION = YES;
				CLANG_WARN_INT_CONVERSION = YES;
				CLANG_WARN_NON_LITERAL_NULL_CONVERSION = YES;
				CLANG_WARN_OBJC_IMPLICIT_RETAIN_SELF = YES;
				CLANG_WARN_OBJC_LITERAL_CONVERSION = YES;
				CLANG_WARN_OBJC_ROOT_CLASS = YES_ERROR;
				CLANG_WARN_RANGE_LOOP_ANALYSIS = YES;
				CLANG_WARN_STRICT_PROTOTYPES = YES;
				CLANG_WARN_SUSPICIOUS_MOVE = YES;
				CLANG_WARN_UNGUARDED_AVAILABILITY = YES_AGGRESSIVE;
				CLANG_WARN_UNREACHABLE_CODE = YES;
				CLANG_WARN__DUPLICATE_METHOD_MATCH = YES;
				CODE_SIGN_IDENTITY = "-";
				COPY_PHASE_STRIP = NO;
				DEBUG_INFORMATION_FORMAT = "dwarf-with-dsym";
				ENABLE_NS_ASSERTIONS = NO;
				ENABLE_STRICT_OBJC_MSGSEND = YES;
				GCC_C_LANGUAGE_STANDARD = gnu11;
				GCC_NO_COMMON_BLOCKS = YES;
				GCC_WARN_64_TO_32_BIT_CONVERSION = YES;
				GCC_WARN_ABOUT_RETURN_TYPE = YES_ERROR;
				GCC_WARN_UNDECLARED_SELECTOR = YES;
				GCC_WARN_UNINITIALIZED_AUTOS = YES_AGGRESSIVE;
				GCC_WARN_UNUSED_FUNCTION = YES;
				GCC_WARN_UNUSED_VARIABLE = YES;
				MACOSX_DEPLOYMENT_TARGET = 10.14;
				MTL_ENABLE_DEBUG_INFO = NO;
				MTL_FAST_MATH = YES;
				SDKROOT = macosx;
			};
			name = Release;
		};
		635BECBB222E91DF005D3AA9 /* Debug */ = {
			isa = XCBuildConfiguration;
			buildSettings = {
				CODE_SIGN_STYLE = Automatic;
				PRODUCT_NAME = "$(TARGET_NAME)";
			};
			name = Debug;
		};
		635BECBC222E91DF005D3AA9 /* Release */ = {
			isa = XCBuildConfiguration;
			buildSettings = {
				CODE_SIGN_STYLE = Automatic;
				PRODUCT_NAME = "$(TARGET_NAME)";
			};
			name = Release;
		};
		635BECC6222E9DB8005D3AA9 /* Debug */ = {
			isa = XCBuildConfiguration;
			buildSettings = {
				CODE_SIGN_STYLE = Automatic;
				PRODUCT_NAME = "$(TARGET_NAME)";
			};
			name = Debug;
		};
		635BECC7222E9DB8005D3AA9 /* Release */ = {
			isa = XCBuildConfiguration;
			buildSettings = {
				CODE_SIGN_STYLE = Automatic;
				PRODUCT_NAME = "$(TARGET_NAME)";
			};
			name = Release;
		};
		635BECD1222EA51A005D3AA9 /* Debug */ = {
			isa = XCBuildConfiguration;
			buildSettings = {
				CODE_SIGN_STYLE = Automatic;
				PRODUCT_NAME = "$(TARGET_NAME)";
			};
			name = Debug;
		};
		635BECD2222EA51A005D3AA9 /* Release */ = {
			isa = XCBuildConfiguration;
			buildSettings = {
				CODE_SIGN_STYLE = Automatic;
				PRODUCT_NAME = "$(TARGET_NAME)";
			};
			name = Release;
		};
/* End XCBuildConfiguration section */

/* Begin XCConfigurationList section */
		635BECAE222E91DF005D3AA9 /* Build configuration list for PBXProject "Runtime 结构体知识c++" */ = {
			isa = XCConfigurationList;
			buildConfigurations = (
				635BECB8222E91DF005D3AA9 /* Debug */,
				635BECB9222E91DF005D3AA9 /* Release */,
			);
			defaultConfigurationIsVisible = 0;
			defaultConfigurationName = Release;
		};
		635BECBA222E91DF005D3AA9 /* Build configuration list for PBXNativeTarget "Runtime 结构体知识c++" */ = {
			isa = XCConfigurationList;
			buildConfigurations = (
				635BECBB222E91DF005D3AA9 /* Debug */,
				635BECBC222E91DF005D3AA9 /* Release */,
			);
			defaultConfigurationIsVisible = 0;
			defaultConfigurationName = Release;
		};
		635BECC5222E9DB8005D3AA9 /* Build configuration list for PBXNativeTarget "位运算" */ = {
			isa = XCConfigurationList;
			buildConfigurations = (
				635BECC6222E9DB8005D3AA9 /* Debug */,
				635BECC7222E9DB8005D3AA9 /* Release */,
			);
			defaultConfigurationIsVisible = 0;
			defaultConfigurationName = Release;
		};
		635BECD0222EA51A005D3AA9 /* Build configuration list for PBXNativeTarget "宏定义" */ = {
			isa = XCConfigurationList;
			buildConfigurations = (
				635BECD1222EA51A005D3AA9 /* Debug */,
				635BECD2222EA51A005D3AA9 /* Release */,
			);
			defaultConfigurationIsVisible = 0;
			defaultConfigurationName = Release;
		};
/* End XCConfigurationList section */
	};
	rootObject = 635BECAB222E91DF005D3AA9 /* Project object */;
}
